
Microsoft Visual Studio Solution File, Format Version 12.00
# Visual Studio Version 17
VisualStudioVersion = 17.0.31903.59
MinimumVisualStudioVersion = 10.0.40219.1
Project("{9A19103F-16F7-4668-BE54-9A1E7A4F7556}") = "Common", "Common\Common.csproj", "{9346E7B1-9836-4014-ACA3-B16F168059F5}"
EndProject
Project("{9A19103F-16F7-4668-BE54-9A1E7A4F7556}") = "Day01", "Day01\Day01.csproj", "{FDCF67A3-190E-4079-B988-E05C021C374E}"
EndProject
Project("{9A19103F-16F7-4668-BE54-9A1E7A4F7556}") = "Day02", "Day02\Day02.csproj", "{EB786685-3513-4384-B6A1-82CED7999628}"
EndProject
Project("{9A19103F-16F7-4668-BE54-9A1E7A4F7556}") = "Day03", "Day03\Day03.csproj", "{4D320BD6-BACB-4CBA-B70E-A6AFCAB0F314}"
EndProject
Project("{9A19103F-16F7-4668-BE54-9A1E7A4F7556}") = "Day04", "Day04\Day04.csproj", "{ADA7BAFA-42DD-4176-9E39-9AE48BD16BB2}"
EndProject
Project("{9A19103F-16F7-4668-BE54-9A1E7A4F7556}") = "Day05", "Day05\Day05.csproj", "{EB315CE4-253C-4773-80EF-C341D625B733}"
EndProject
Project("{9A19103F-16F7-4668-BE54-9A1E7A4F7556}") = "Day07", "Day07\Day07.csproj", "{F857C6DD-B81F-410D-8533-16B4840A4DDA}"
EndProject
Project("{9A19103F-16F7-4668-BE54-9A1E7A4F7556}") = "Day08", "Day08\Day08.csproj", "{23D05C0B-16B8-4F7B-8F3E-362D2F28F53A}"
EndProject
Project("{9A19103F-16F7-4668-BE54-9A1E7A4F7556}") = "Day09", "Day09\Day09.csproj", "{59F4A2BE-6C61-4CEE-8183-BA061FDFCD21}"
EndProject
Project("{9A19103F-16F7-4668-BE54-9A1E7A4F7556}") = "Day10", "Day10\Day10.csproj", "{3878ED97-FCA6-4BEF-888C-7658C1F45B58}"
EndProject
Project("{9A19103F-16F7-4668-BE54-9A1E7A4F7556}") = "Day11", "Day11\Day11.csproj", "{D2980EC6-47C0-4429-90FA-030B5BD63B5F}"
EndProject
Project("{9A19103F-16F7-4668-BE54-9A1E7A4F7556}") = "Day14", "Day14\Day14.csproj", "{A5F62B3D-8A47-48C0-B950-52C16F11A353}"
EndProject
Project("{9A19103F-16F7-4668-BE54-9A1E7A4F7556}") = "Day15", "Day15\Day15.csproj", "{5EC804E0-0B81-4C5A-991D-E08097213B51}"
EndProject
Project("{9A19103F-16F7-4668-BE54-9A1E7A4F7556}") = "Day16", "Day16\Day16.csproj", "{901C81DF-E89D-440F-B4D8-9FB63A90D449}"
EndProject
Project("{9A19103F-16F7-4668-BE54-9A1E7A4F7556}") = "Day18", "Day18\Day18.csproj", "{330C5489-2766-4DCD-A396-95C92FBBEF11}"
EndProject
Global
	GlobalSection(SolutionConfigurationPlatforms) = preSolution
		Debug|Any CPU = Debug|Any CPU
		Release|Any CPU = Release|Any CPU
	EndGlobalSection
	GlobalSection(ProjectConfigurationPlatforms) = postSolution
		{9346E7B1-9836-4014-ACA3-B16F168059F5}.Debug|Any CPU.ActiveCfg = Debug|Any CPU
		{9346E7B1-9836-4014-ACA3-B16F168059F5}.Debug|Any CPU.Build.0 = Debug|Any CPU
		{9346E7B1-9836-4014-ACA3-B16F168059F5}.Release|Any CPU.ActiveCfg = Release|Any CPU
		{9346E7B1-9836-4014-ACA3-B16F168059F5}.Release|Any CPU.Build.0 = Release|Any CPU
		{FDCF67A3-190E-4079-B988-E05C021C374E}.Debug|Any CPU.ActiveCfg = Debug|Any CPU
		{FDCF67A3-190E-4079-B988-E05C021C374E}.Debug|Any CPU.Build.0 = Debug|Any CPU
		{FDCF67A3-190E-4079-B988-E05C021C374E}.Release|Any CPU.ActiveCfg = Release|Any CPU
		{FDCF67A3-190E-4079-B988-E05C021C374E}.Release|Any CPU.Build.0 = Release|Any CPU
		{EB786685-3513-4384-B6A1-82CED7999628}.Debug|Any CPU.ActiveCfg = Debug|Any CPU
		{EB786685-3513-4384-B6A1-82CED7999628}.Debug|Any CPU.Build.0 = Debug|Any CPU
		{EB786685-3513-4384-B6A1-82CED7999628}.Release|Any CPU.ActiveCfg = Release|Any CPU
		{EB786685-3513-4384-B6A1-82CED7999628}.Release|Any CPU.Build.0 = Release|Any CPU
		{4D320BD6-BACB-4CBA-B70E-A6AFCAB0F314}.Debug|Any CPU.ActiveCfg = Debug|Any CPU
		{4D320BD6-BACB-4CBA-B70E-A6AFCAB0F314}.Debug|Any CPU.Build.0 = Debug|Any CPU
		{4D320BD6-BACB-4CBA-B70E-A6AFCAB0F314}.Release|Any CPU.ActiveCfg = Release|Any CPU
		{4D320BD6-BACB-4CBA-B70E-A6AFCAB0F314}.Release|Any CPU.Build.0 = Release|Any CPU
		{ADA7BAFA-42DD-4176-9E39-9AE48BD16BB2}.Debug|Any CPU.ActiveCfg = Debug|Any CPU
		{ADA7BAFA-42DD-4176-9E39-9AE48BD16BB2}.Debug|Any CPU.Build.0 = Debug|Any CPU
		{ADA7BAFA-42DD-4176-9E39-9AE48BD16BB2}.Release|Any CPU.ActiveCfg = Release|Any CPU
		{ADA7BAFA-42DD-4176-9E39-9AE48BD16BB2}.Release|Any CPU.Build.0 = Release|Any CPU
		{EB315CE4-253C-4773-80EF-C341D625B733}.Debug|Any CPU.ActiveCfg = Debug|Any CPU
		{EB315CE4-253C-4773-80EF-C341D625B733}.Debug|Any CPU.Build.0 = Debug|Any CPU
		{EB315CE4-253C-4773-80EF-C341D625B733}.Release|Any CPU.ActiveCfg = Release|Any CPU
		{EB315CE4-253C-4773-80EF-C341D625B733}.Release|Any CPU.Build.0 = Release|Any CPU
		{F857C6DD-B81F-410D-8533-16B4840A4DDA}.Debug|Any CPU.ActiveCfg = Debug|Any CPU
		{F857C6DD-B81F-410D-8533-16B4840A4DDA}.Debug|Any CPU.Build.0 = Debug|Any CPU
		{F857C6DD-B81F-410D-8533-16B4840A4DDA}.Release|Any CPU.ActiveCfg = Release|Any CPU
		{F857C6DD-B81F-410D-8533-16B4840A4DDA}.Release|Any CPU.Build.0 = Release|Any CPU
		{23D05C0B-16B8-4F7B-8F3E-362D2F28F53A}.Debug|Any CPU.ActiveCfg = Debug|Any CPU
		{23D05C0B-16B8-4F7B-8F3E-362D2F28F53A}.Debug|Any CPU.Build.0 = Debug|Any CPU
		{23D05C0B-16B8-4F7B-8F3E-362D2F28F53A}.Release|Any CPU.ActiveCfg = Release|Any CPU
		{23D05C0B-16B8-4F7B-8F3E-362D2F28F53A}.Release|Any CPU.Build.0 = Release|Any CPU
		{59F4A2BE-6C61-4CEE-8183-BA061FDFCD21}.Debug|Any CPU.ActiveCfg = Debug|Any CPU
		{59F4A2BE-6C61-4CEE-8183-BA061FDFCD21}.Debug|Any CPU.Build.0 = Debug|Any CPU
		{59F4A2BE-6C61-4CEE-8183-BA061FDFCD21}.Release|Any CPU.ActiveCfg = Release|Any CPU
		{59F4A2BE-6C61-4CEE-8183-BA061FDFCD21}.Release|Any CPU.Build.0 = Release|Any CPU
		{3878ED97-FCA6-4BEF-888C-7658C1F45B58}.Debug|Any CPU.ActiveCfg = Debug|Any CPU
		{3878ED97-FCA6-4BEF-888C-7658C1F45B58}.Debug|Any CPU.Build.0 = Debug|Any CPU
		{3878ED97-FCA6-4BEF-888C-7658C1F45B58}.Release|Any CPU.ActiveCfg = Release|Any CPU
		{3878ED97-FCA6-4BEF-888C-7658C1F45B58}.Release|Any CPU.Build.0 = Release|Any CPU
		{D2980EC6-47C0-4429-90FA-030B5BD63B5F}.Debug|Any CPU.ActiveCfg = Debug|Any CPU
		{D2980EC6-47C0-4429-90FA-030B5BD63B5F}.Debug|Any CPU.Build.0 = Debug|Any CPU
		{D2980EC6-47C0-4429-90FA-030B5BD63B5F}.Release|Any CPU.ActiveCfg = Release|Any CPU
		{D2980EC6-47C0-4429-90FA-030B5BD63B5F}.Release|Any CPU.Build.0 = Release|Any CPU
		{A5F62B3D-8A47-48C0-B950-52C16F11A353}.Debug|Any CPU.ActiveCfg = Debug|Any CPU
		{A5F62B3D-8A47-48C0-B950-52C16F11A353}.Debug|Any CPU.Build.0 = Debug|Any CPU
		{A5F62B3D-8A47-48C0-B950-52C16F11A353}.Release|Any CPU.ActiveCfg = Release|Any CPU
		{A5F62B3D-8A47-48C0-B950-52C16F11A353}.Release|Any CPU.Build.0 = Release|Any CPU
		{5EC804E0-0B81-4C5A-991D-E08097213B51}.Debug|Any CPU.ActiveCfg = Debug|Any CPU
		{5EC804E0-0B81-4C5A-991D-E08097213B51}.Debug|Any CPU.Build.0 = Debug|Any CPU
		{5EC804E0-0B81-4C5A-991D-E08097213B51}.Release|Any CPU.ActiveCfg = Release|Any CPU
		{5EC804E0-0B81-4C5A-991D-E08097213B51}.Release|Any CPU.Build.0 = Release|Any CPU
		{901C81DF-E89D-440F-B4D8-9FB63A90D449}.Debug|Any CPU.ActiveCfg = Debug|Any CPU
		{901C81DF-E89D-440F-B4D8-9FB63A90D449}.Debug|Any CPU.Build.0 = Debug|Any CPU
		{901C81DF-E89D-440F-B4D8-9FB63A90D449}.Release|Any CPU.ActiveCfg = Release|Any CPU
		{901C81DF-E89D-440F-B4D8-9FB63A90D449}.Release|Any CPU.Build.0 = Release|Any CPU
		{330C5489-2766-4DCD-A396-95C92FBBEF11}.Debug|Any CPU.ActiveCfg = Debug|Any CPU
		{330C5489-2766-4DCD-A396-95C92FBBEF11}.Debug|Any CPU.Build.0 = Debug|Any CPU
		{330C5489-2766-4DCD-A396-95C92FBBEF11}.Release|Any CPU.ActiveCfg = Release|Any CPU
		{330C5489-2766-4DCD-A396-95C92FBBEF11}.Release|Any CPU.Build.0 = Release|Any CPU
	EndGlobalSection
	GlobalSection(SolutionProperties) = preSolution
		HideSolutionNode = FALSE
	EndGlobalSection
	GlobalSection(ExtensibilityGlobals) = postSolution
		SolutionGuid = {765F3F11-D081-480B-AB53-7E35C8B5CD6A}
	EndGlobalSection
EndGlobal
