
Microsoft Visual Studio Solution File, Format Version 12.00
# Visual Studio Version 17
VisualStudioVersion = 17.0.31903.59
MinimumVisualStudioVersion = 10.0.40219.1
Project("{9A19103F-16F7-4668-BE54-9A1E7A4F7556}") = "Common", "Common\Common.csproj", "{9346E7B1-9836-4014-ACA3-B16F168059F5}"
EndProject
Project("{9A19103F-16F7-4668-BE54-9A1E7A4F7556}") = "Day01", "Day01\Day01.csproj", "{FDCF67A3-190E-4079-B988-E05C021C374E}"
EndProject
Project("{9A19103F-16F7-4668-BE54-9A1E7A4F7556}") = "Day02", "Day02\Day02.csproj", "{8B74C5F8-E4D6-4006-A807-9BEE01DB504D}"
EndProject
Project("{9A19103F-16F7-4668-BE54-9A1E7A4F7556}") = "Day03", "Day03\Day03.csproj", "{A6F3F71F-4B6E-4568-99B7-AC7DAC5D0B0F}"
EndProject
Project("{9A19103F-16F7-4668-BE54-9A1E7A4F7556}") = "Day04", "Day04\Day04.csproj", "{B5DABBA3-2A91-4E41-8B6B-3BDE2D067F61}"
EndProject
Project("{9A19103F-16F7-4668-BE54-9A1E7A4F7556}") = "Day05", "Day05\Day05.csproj", "{D76AB888-0918-4221-9414-A8818E2B26F6}"
EndProject
Project("{9A19103F-16F7-4668-BE54-9A1E7A4F7556}") = "Day06", "Day06\Day06.csproj", "{CE0C1DF8-CB96-46F1-9566-9652C45C7F43}"
EndProject
Project("{9A19103F-16F7-4668-BE54-9A1E7A4F7556}") = "Day07", "Day07\Day07.csproj", "{5BE8377F-90C7-434C-8C8D-5CA5524E2550}"
EndProject
Project("{9A19103F-16F7-4668-BE54-9A1E7A4F7556}") = "Day08", "Day08\Day08.csproj", "{492F7B16-B3C9-48CB-ADDF-7CEC2003FB99}"
EndProject
Project("{9A19103F-16F7-4668-BE54-9A1E7A4F7556}") = "Day09", "Day09\Day09.csproj", "{9EF8DE59-AA25-4E98-B8F1-2FEA60370EBC}"
EndProject
Project("{9A19103F-16F7-4668-BE54-9A1E7A4F7556}") = "Day10", "Day10\Day10.csproj", "{BD0202B8-CCAD-49A0-98B5-DCE36BCD9F8B}"
EndProject
Project("{9A19103F-16F7-4668-BE54-9A1E7A4F7556}") = "Day11", "Day11\Day11.csproj", "{2E01199F-D48D-4DF9-8F9B-D95BA6AB5E3B}"
EndProject
Project("{9A19103F-16F7-4668-BE54-9A1E7A4F7556}") = "Day12", "Day12\Day12.csproj", "{2A3C1538-A117-490C-B62E-C8AD3DC42C86}"
EndProject
Project("{9A19103F-16F7-4668-BE54-9A1E7A4F7556}") = "Day13", "Day13\Day13.csproj", "{385BA58B-B625-4DC2-923A-72A394F33854}"
EndProject
Project("{9A19103F-16F7-4668-BE54-9A1E7A4F7556}") = "Day14", "Day14\Day14.csproj", "{B4F27834-D266-451B-9AE1-F6FC60D2370F}"
EndProject
Project("{9A19103F-16F7-4668-BE54-9A1E7A4F7556}") = "Day16", "Day16\Day16.csproj", "{A3455334-53E9-4277-8E34-7A8724D7F83A}"
EndProject
Project("{9A19103F-16F7-4668-BE54-9A1E7A4F7556}") = "Day17", "Day17\Day17.csproj", "{B1D8C612-864F-4E6F-BA58-DD31F33C7BEC}"
EndProject
Project("{9A19103F-16F7-4668-BE54-9A1E7A4F7556}") = "Day19", "Day19\Day19.csproj", "{B309525A-8CA4-4A59-AACE-172E60C0BD89}"
EndProject
Global
	GlobalSection(SolutionConfigurationPlatforms) = preSolution
		Debug|Any CPU = Debug|Any CPU
		Release|Any CPU = Release|Any CPU
	EndGlobalSection
	GlobalSection(ProjectConfigurationPlatforms) = postSolution
		{9346E7B1-9836-4014-ACA3-B16F168059F5}.Debug|Any CPU.ActiveCfg = Debug|Any CPU
		{9346E7B1-9836-4014-ACA3-B16F168059F5}.Debug|Any CPU.Build.0 = Debug|Any CPU
		{9346E7B1-9836-4014-ACA3-B16F168059F5}.Release|Any CPU.ActiveCfg = Release|Any CPU
		{9346E7B1-9836-4014-ACA3-B16F168059F5}.Release|Any CPU.Build.0 = Release|Any CPU
		{FDCF67A3-190E-4079-B988-E05C021C374E}.Debug|Any CPU.ActiveCfg = Debug|Any CPU
		{FDCF67A3-190E-4079-B988-E05C021C374E}.Debug|Any CPU.Build.0 = Debug|Any CPU
		{FDCF67A3-190E-4079-B988-E05C021C374E}.Release|Any CPU.ActiveCfg = Release|Any CPU
		{FDCF67A3-190E-4079-B988-E05C021C374E}.Release|Any CPU.Build.0 = Release|Any CPU
		{8B74C5F8-E4D6-4006-A807-9BEE01DB504D}.Debug|Any CPU.ActiveCfg = Debug|Any CPU
		{8B74C5F8-E4D6-4006-A807-9BEE01DB504D}.Debug|Any CPU.Build.0 = Debug|Any CPU
		{8B74C5F8-E4D6-4006-A807-9BEE01DB504D}.Release|Any CPU.ActiveCfg = Release|Any CPU
		{8B74C5F8-E4D6-4006-A807-9BEE01DB504D}.Release|Any CPU.Build.0 = Release|Any CPU
		{A6F3F71F-4B6E-4568-99B7-AC7DAC5D0B0F}.Debug|Any CPU.ActiveCfg = Debug|Any CPU
		{A6F3F71F-4B6E-4568-99B7-AC7DAC5D0B0F}.Debug|Any CPU.Build.0 = Debug|Any CPU
		{A6F3F71F-4B6E-4568-99B7-AC7DAC5D0B0F}.Release|Any CPU.ActiveCfg = Release|Any CPU
		{A6F3F71F-4B6E-4568-99B7-AC7DAC5D0B0F}.Release|Any CPU.Build.0 = Release|Any CPU
		{B5DABBA3-2A91-4E41-8B6B-3BDE2D067F61}.Debug|Any CPU.ActiveCfg = Debug|Any CPU
		{B5DABBA3-2A91-4E41-8B6B-3BDE2D067F61}.Debug|Any CPU.Build.0 = Debug|Any CPU
		{B5DABBA3-2A91-4E41-8B6B-3BDE2D067F61}.Release|Any CPU.ActiveCfg = Release|Any CPU
		{B5DABBA3-2A91-4E41-8B6B-3BDE2D067F61}.Release|Any CPU.Build.0 = Release|Any CPU
		{D76AB888-0918-4221-9414-A8818E2B26F6}.Debug|Any CPU.ActiveCfg = Debug|Any CPU
		{D76AB888-0918-4221-9414-A8818E2B26F6}.Debug|Any CPU.Build.0 = Debug|Any CPU
		{D76AB888-0918-4221-9414-A8818E2B26F6}.Release|Any CPU.ActiveCfg = Release|Any CPU
		{D76AB888-0918-4221-9414-A8818E2B26F6}.Release|Any CPU.Build.0 = Release|Any CPU
		{CE0C1DF8-CB96-46F1-9566-9652C45C7F43}.Debug|Any CPU.ActiveCfg = Debug|Any CPU
		{CE0C1DF8-CB96-46F1-9566-9652C45C7F43}.Debug|Any CPU.Build.0 = Debug|Any CPU
		{CE0C1DF8-CB96-46F1-9566-9652C45C7F43}.Release|Any CPU.ActiveCfg = Release|Any CPU
		{CE0C1DF8-CB96-46F1-9566-9652C45C7F43}.Release|Any CPU.Build.0 = Release|Any CPU
		{5BE8377F-90C7-434C-8C8D-5CA5524E2550}.Debug|Any CPU.ActiveCfg = Debug|Any CPU
		{5BE8377F-90C7-434C-8C8D-5CA5524E2550}.Debug|Any CPU.Build.0 = Debug|Any CPU
		{5BE8377F-90C7-434C-8C8D-5CA5524E2550}.Release|Any CPU.ActiveCfg = Release|Any CPU
		{5BE8377F-90C7-434C-8C8D-5CA5524E2550}.Release|Any CPU.Build.0 = Release|Any CPU
		{492F7B16-B3C9-48CB-ADDF-7CEC2003FB99}.Debug|Any CPU.ActiveCfg = Debug|Any CPU
		{492F7B16-B3C9-48CB-ADDF-7CEC2003FB99}.Debug|Any CPU.Build.0 = Debug|Any CPU
		{492F7B16-B3C9-48CB-ADDF-7CEC2003FB99}.Release|Any CPU.ActiveCfg = Release|Any CPU
		{492F7B16-B3C9-48CB-ADDF-7CEC2003FB99}.Release|Any CPU.Build.0 = Release|Any CPU
		{9EF8DE59-AA25-4E98-B8F1-2FEA60370EBC}.Debug|Any CPU.ActiveCfg = Debug|Any CPU
		{9EF8DE59-AA25-4E98-B8F1-2FEA60370EBC}.Debug|Any CPU.Build.0 = Debug|Any CPU
		{9EF8DE59-AA25-4E98-B8F1-2FEA60370EBC}.Release|Any CPU.ActiveCfg = Release|Any CPU
		{9EF8DE59-AA25-4E98-B8F1-2FEA60370EBC}.Release|Any CPU.Build.0 = Release|Any CPU
		{BD0202B8-CCAD-49A0-98B5-DCE36BCD9F8B}.Debug|Any CPU.ActiveCfg = Debug|Any CPU
		{BD0202B8-CCAD-49A0-98B5-DCE36BCD9F8B}.Debug|Any CPU.Build.0 = Debug|Any CPU
		{BD0202B8-CCAD-49A0-98B5-DCE36BCD9F8B}.Release|Any CPU.ActiveCfg = Release|Any CPU
		{BD0202B8-CCAD-49A0-98B5-DCE36BCD9F8B}.Release|Any CPU.Build.0 = Release|Any CPU
		{2E01199F-D48D-4DF9-8F9B-D95BA6AB5E3B}.Debug|Any CPU.ActiveCfg = Debug|Any CPU
		{2E01199F-D48D-4DF9-8F9B-D95BA6AB5E3B}.Debug|Any CPU.Build.0 = Debug|Any CPU
		{2E01199F-D48D-4DF9-8F9B-D95BA6AB5E3B}.Release|Any CPU.ActiveCfg = Release|Any CPU
		{2E01199F-D48D-4DF9-8F9B-D95BA6AB5E3B}.Release|Any CPU.Build.0 = Release|Any CPU
		{2A3C1538-A117-490C-B62E-C8AD3DC42C86}.Debug|Any CPU.ActiveCfg = Debug|Any CPU
		{2A3C1538-A117-490C-B62E-C8AD3DC42C86}.Debug|Any CPU.Build.0 = Debug|Any CPU
		{2A3C1538-A117-490C-B62E-C8AD3DC42C86}.Release|Any CPU.ActiveCfg = Release|Any CPU
		{2A3C1538-A117-490C-B62E-C8AD3DC42C86}.Release|Any CPU.Build.0 = Release|Any CPU
		{385BA58B-B625-4DC2-923A-72A394F33854}.Debug|Any CPU.ActiveCfg = Debug|Any CPU
		{385BA58B-B625-4DC2-923A-72A394F33854}.Debug|Any CPU.Build.0 = Debug|Any CPU
		{385BA58B-B625-4DC2-923A-72A394F33854}.Release|Any CPU.ActiveCfg = Release|Any CPU
		{385BA58B-B625-4DC2-923A-72A394F33854}.Release|Any CPU.Build.0 = Release|Any CPU
		{B4F27834-D266-451B-9AE1-F6FC60D2370F}.Debug|Any CPU.ActiveCfg = Debug|Any CPU
		{B4F27834-D266-451B-9AE1-F6FC60D2370F}.Debug|Any CPU.Build.0 = Debug|Any CPU
		{B4F27834-D266-451B-9AE1-F6FC60D2370F}.Release|Any CPU.ActiveCfg = Release|Any CPU
		{B4F27834-D266-451B-9AE1-F6FC60D2370F}.Release|Any CPU.Build.0 = Release|Any CPU
		{A3455334-53E9-4277-8E34-7A8724D7F83A}.Debug|Any CPU.ActiveCfg = Debug|Any CPU
		{A3455334-53E9-4277-8E34-7A8724D7F83A}.Debug|Any CPU.Build.0 = Debug|Any CPU
		{A3455334-53E9-4277-8E34-7A8724D7F83A}.Release|Any CPU.ActiveCfg = Release|Any CPU
		{A3455334-53E9-4277-8E34-7A8724D7F83A}.Release|Any CPU.Build.0 = Release|Any CPU
		{B1D8C612-864F-4E6F-BA58-DD31F33C7BEC}.Debug|Any CPU.ActiveCfg = Debug|Any CPU
		{B1D8C612-864F-4E6F-BA58-DD31F33C7BEC}.Debug|Any CPU.Build.0 = Debug|Any CPU
		{B1D8C612-864F-4E6F-BA58-DD31F33C7BEC}.Release|Any CPU.ActiveCfg = Release|Any CPU
		{B1D8C612-864F-4E6F-BA58-DD31F33C7BEC}.Release|Any CPU.Build.0 = Release|Any CPU
		{B309525A-8CA4-4A59-AACE-172E60C0BD89}.Debug|Any CPU.ActiveCfg = Debug|Any CPU
		{B309525A-8CA4-4A59-AACE-172E60C0BD89}.Debug|Any CPU.Build.0 = Debug|Any CPU
		{B309525A-8CA4-4A59-AACE-172E60C0BD89}.Release|Any CPU.ActiveCfg = Release|Any CPU
		{B309525A-8CA4-4A59-AACE-172E60C0BD89}.Release|Any CPU.Build.0 = Release|Any CPU
	EndGlobalSection
	GlobalSection(SolutionProperties) = preSolution
		HideSolutionNode = FALSE
	EndGlobalSection
	GlobalSection(ExtensibilityGlobals) = postSolution
		SolutionGuid = {765F3F11-D081-480B-AB53-7E35C8B5CD6A}
	EndGlobalSection
EndGlobal
