# This file is automatically @generated by Cargo.
# It is not intended for manual editing.
version = 3

[[package]]
name = "day01"
version = "0.1.0"
dependencies = [
 "itermore",
]

[[package]]
name = "itermore"
version = "0.1.0"
source = "registry+https://github.com/rust-lang/crates.io-index"
checksum = "e23e44d96ab47103d69ec50622c94f2329c88af877029fb6f013573cfb94a8d5"
